
Microsoft Visual Studio Solution File, Format Version 12.00
# Visual Studio Version 16
VisualStudioVersion = 16.0.810.14
MinimumVisualStudioVersion = 10.0.40219.1
Project("{FAE04EC0-301F-11D3-BF4B-00C04F79EFBC}") = "advent-of-code", "advent-of-code\advent-of-code.csproj", "{67C252F4-A1FB-4BD2-9CC1-5218B6238381}"
EndProject
Project("{FAE04EC0-301F-11D3-BF4B-00C04F79EFBC}") = "advent-of-code-tests", "advent-of-code-tests\advent-of-code-tests.csproj", "{646EEC8F-EA1A-4928-99E9-F1C0F80EB65D}"
EndProject
Global
	GlobalSection(SolutionConfigurationPlatforms) = preSolution
		Debug|Any CPU = Debug|Any CPU
		Release|Any CPU = Release|Any CPU
	EndGlobalSection
	GlobalSection(ProjectConfigurationPlatforms) = postSolution
		{67C252F4-A1FB-4BD2-9CC1-5218B6238381}.Debug|Any CPU.ActiveCfg = Debug|Any CPU
		{67C252F4-A1FB-4BD2-9CC1-5218B6238381}.Debug|Any CPU.Build.0 = Debug|Any CPU
		{67C252F4-A1FB-4BD2-9CC1-5218B6238381}.Release|Any CPU.ActiveCfg = Release|Any CPU
		{67C252F4-A1FB-4BD2-9CC1-5218B6238381}.Release|Any CPU.Build.0 = Release|Any CPU
		{646EEC8F-EA1A-4928-99E9-F1C0F80EB65D}.Debug|Any CPU.ActiveCfg = Debug|Any CPU
		{646EEC8F-EA1A-4928-99E9-F1C0F80EB65D}.Debug|Any CPU.Build.0 = Debug|Any CPU
		{646EEC8F-EA1A-4928-99E9-F1C0F80EB65D}.Release|Any CPU.ActiveCfg = Release|Any CPU
		{646EEC8F-EA1A-4928-99E9-F1C0F80EB65D}.Release|Any CPU.Build.0 = Release|Any CPU
	EndGlobalSection
	GlobalSection(SolutionProperties) = preSolution
		HideSolutionNode = FALSE
	EndGlobalSection
	GlobalSection(ExtensibilityGlobals) = postSolution
		SolutionGuid = {63676950-731F-46FD-B01A-BD41CF1F2677}
	EndGlobalSection
EndGlobal
